{
    "_readme": [
        "This file locks the dependencies of your project to a known state",
        "Read more about it at https://getcomposer.org/doc/01-basic-usage.md#composer-lock-the-lock-file",
        "This file is @generated automatically"
    ],
    "content-hash": "6144e462d11bdae0e42fb2a9a97d26ef",
    "packages": [
        {
            "name": "composer/installers",
            "version": "v1.3.0",
            "source": {
                "type": "git",
                "url": "https://github.com/composer/installers.git",
                "reference": "79ad876c7498c0bbfe7eed065b8651c93bfd6045"
            },
            "dist": {
                "type": "zip",
                "url": "https://api.github.com/repos/composer/installers/zipball/79ad876c7498c0bbfe7eed065b8651c93bfd6045",
                "reference": "79ad876c7498c0bbfe7eed065b8651c93bfd6045",
                "shasum": ""
            },
            "require": {
                "composer-plugin-api": "^1.0"
            },
            "replace": {
                "roundcube/plugin-installer": "*",
                "shama/baton": "*"
            },
            "require-dev": {
                "composer/composer": "1.0.*@dev",
                "phpunit/phpunit": "4.1.*"
            },
            "type": "composer-plugin",
            "extra": {
                "class": "Composer\\Installers\\Plugin",
                "branch-alias": {
                    "dev-master": "1.0-dev"
                }
            },
            "autoload": {
                "psr-4": {
                    "Composer\\Installers\\": "src/Composer/Installers"
                }
            },
            "notification-url": "https://packagist.org/downloads/",
            "license": [
                "MIT"
            ],
            "authors": [
                {
                    "name": "Kyle Robinson Young",
                    "email": "kyle@dontkry.com",
                    "homepage": "https://github.com/shama"
                }
            ],
            "description": "A multi-framework Composer library installer",
            "homepage": "https://composer.github.io/installers/",
            "keywords": [
                "Craft",
                "Dolibarr",
                "Eliasis",
                "Hurad",
                "ImageCMS",
                "Kanboard",
                "MODX Evo",
                "Mautic",
                "Maya",
                "OXID",
                "Plentymarkets",
                "Porto",
                "RadPHP",
                "SMF",
                "Thelia",
                "WolfCMS",
                "agl",
                "aimeos",
                "annotatecms",
                "attogram",
                "bitrix",
                "cakephp",
                "chef",
                "cockpit",
                "codeigniter",
                "concrete5",
                "croogo",
                "dokuwiki",
                "drupal",
                "elgg",
                "expressionengine",
                "fuelphp",
                "grav",
                "installer",
                "itop",
                "joomla",
                "kohana",
                "laravel",
                "lavalite",
                "lithium",
                "magento",
                "mako",
                "mediawiki",
                "modulework",
                "moodle",
                "phpbb",
                "piwik",
                "ppi",
                "puppet",
                "reindex",
                "roundcube",
                "shopware",
                "silverstripe",
                "sydes",
                "symfony",
                "typo3",
                "wordpress",
                "yawik",
                "zend",
                "zikula"
            ],
            "time": "2017-04-24T06:37:16+00:00"
        },
        {
            "name": "frederickjh/test_drupal_module",
            "version": "dev-no-type-drupal-library",
            "source": {
                "type": "git",
                "url": "https://github.com/frederickjh/test_drupal_module.git",
                "reference": "3efc5150a8cd83d6e10ceb2b3bac1346e12a8d7e"
            },
            "dist": {
                "type": "zip",
                "url": "https://api.github.com/repos/frederickjh/test_drupal_module/zipball/3efc5150a8cd83d6e10ceb2b3bac1346e12a8d7e",
                "reference": "3efc5150a8cd83d6e10ceb2b3bac1346e12a8d7e",
                "shasum": ""
            },
            "require": {
                "frederickjh/test_external_library": "dev-no-type-drupal-library"
            },
            "type": "drupal-module-custom",
            "license": [
                "GPL-2.0+"
            ],
            "description": "Test Drupal Module for testing purposes. It does nothing but get installed.",
            "homepage": "https://github.com/frederickjh/test_drupal_module",
            "keywords": [
                "Drupal"
            ],
            "support": {
                "source": "https://github.com/frederickjh/test_drupal_module.git",
                "issues": "https://github.com/frederickjh/test_drupal_module/issues"
            },
            "time": "2017-05-13 22:20:56"
        },
        {
            "name": "frederickjh/test_external_library",
            "version": "dev-no-type-drupal-library",
            "source": {
                "type": "git",
                "url": "https://github.com/frederickjh/test_external_library.git",
                "reference": "a551d9bd029130f62e15de3fe16475949200657b"
            },
            "dist": {
                "type": "zip",
                "url": "https://api.github.com/repos/frederickjh/test_external_library/zipball/a551d9bd029130f62e15de3fe16475949200657b",
                "reference": "a551d9bd029130f62e15de3fe16475949200657b",
                "shasum": ""
            },
            "type": "library",
            "license": [
                "GPL-2.0+"
            ],
            "description": "Test external library for testing purposes. It does nothing but get installed.",
            "homepage": "https://github.com/frederickjh/test_external_library",
            "keywords": [
                "Drupal"
            ],
            "support": {
                "source": "https://github.com/frederickjh/test_external_library.git",
                "issues": "https://github.com/frederickjh/test_external_library/issues"
            },
            "time": "2017-05-13 22:20:06"
        },
        {
            "name": "oomphinc/composer-installers-extender",
            "version": "dev-master",
            "source": {
                "type": "git",
                "url": "https://github.com/oomphinc/composer-installers-extender.git",
                "reference": "ca1c4b16b0905c81d1e77e608f36a2eff1a56f56"
            },
            "dist": {
                "type": "zip",
                "url": "https://api.github.com/repos/oomphinc/composer-installers-extender/zipball/ca1c4b16b0905c81d1e77e608f36a2eff1a56f56",
                "reference": "ca1c4b16b0905c81d1e77e608f36a2eff1a56f56",
                "shasum": ""
            },
            "require": {
                "composer-plugin-api": "^1.0",
                "composer/installers": "^1.0"
            },
            "type": "composer-plugin",
            "extra": {
                "class": "OomphInc\\ComposerInstallersExtender\\Plugin"
            },
            "autoload": {
                "psr-4": {
                    "OomphInc\\ComposerInstallersExtender\\": "src/"
                }
            },
            "notification-url": "https://packagist.org/downloads/",
            "license": [
                "MIT"
            ],
            "authors": [
                {
                    "name": "Stephen Beemsterboer",
                    "email": "stephen@oomphinc.com",
                    "homepage": "https://github.com/balbuf"
                }
            ],
            "description": "Extend the composer/installers plugin to accept any arbitrary package type.",
            "homepage": "http://www.oomphinc.com/",
            "time": "2017-03-31 16:57:39"
        }
    ],
    "packages-dev": [],
    "aliases": [],
    "minimum-stability": "dev",
    "stability-flags": {
        "frederickjh/test_drupal_module": 20,
        "oomphinc/composer-installers-extender": 20
    },
    "prefer-stable": false,
    "prefer-lowest": false,
    "platform": [],
    "platform-dev": []
}
